# This file is machine-generated by `gh actions-lock`.
# Do not edit by hand; run `gh actions-lock` to update.
# Docs: https://gh.io/actions-lockfile
version: 'v0.0.2'
workflows:
    '.github/workflows/boj-build.yml':
        - 'actions/checkout@3d3c42e5aac5ba805825da76410c181273ba90b1'
    '.github/workflows/container-build.yml':
        - 'actions/checkout@3d3c42e5aac5ba805825da76410c181273ba90b1'
    '.github/workflows/dependabot-automerge.yml':
        - 'dependabot/fetch-metadata@25dd0e34f4fe68f24cc83900b1fe3fe149efef98'
    '.github/workflows/dogfood-gate.yml':
        - 'actions/checkout@3d3c42e5aac5ba805825da76410c181273ba90b1'
        - 'hyperpolymath/k9-ecosystem@89f3c2702f4f650a92aa7411502f38da06abd562'
    '.github/workflows/e2e.yml':
        - 'actions/checkout@3d3c42e5aac5ba805825da76410c181273ba90b1'
    '.github/workflows/estate-rules.yml':
        - 'actions/checkout@3d3c42e5aac5ba805825da76410c181273ba90b1'
    '.github/workflows/guix-policy.yml':
        - 'actions/checkout@3d3c42e5aac5ba805825da76410c181273ba90b1'
    '.github/workflows/npm-bun-blocker.yml':
        - 'actions/checkout@3d3c42e5aac5ba805825da76410c181273ba90b1'
    '.github/workflows/openssf-compliance.yml':
        - 'actions/checkout@3d3c42e5aac5ba805825da76410c181273ba90b1'
    '.github/workflows/pages.yml':
        - 'actions/cache@55cc8345863c7cc4c66a329aec7e433d2d1c52a9'
        - 'actions/checkout@3d3c42e5aac5ba805825da76410c181273ba90b1'
        - 'actions/configure-pages@45bfe0192ca1faeb007ade9deae92b16b8254a0d'
        - 'actions/deploy-pages@368f82528645a54fb793d4d04e342629a3f51346'
        - 'actions/upload-pages-artifact@fc324d3547104276b827a68afc52ff2a11cc49c9'
        - 'haskell-actions/setup@0f8e8c99d88aeb3fbfd523f1ef2c6f762d10d64d'
    '.github/workflows/proof-gate.yml':
        - 'actions/checkout@3d3c42e5aac5ba805825da76410c181273ba90b1'
        - 'goto-bus-stop/setup-zig@abea47f85e598557f500fa1fd2ab7464fcb39406'
    '.github/workflows/quality.yml':
        - 'actions/checkout@3d3c42e5aac5ba805825da76410c181273ba90b1'
        - 'editorconfig-checker/action-editorconfig-checker@51f63319f592f97930c73d9c46184d20bd206393'
    '.github/workflows/release.yml':
        - 'actions/attest-build-provenance@4d101475d8b20a2381f78447822ac1eab6504dd8'
        - 'actions/checkout@3d3c42e5aac5ba805825da76410c181273ba90b1'
        - 'actions/upload-artifact@043fb46d1a93c77aae656e7c1c64a875d1fc6a0a'
        - 'softprops/action-gh-release@efb35369e0ad2afab669f228072c1b0d510eae64'
    '.github/workflows/rhodibot.yml':
        - 'actions/checkout@3d3c42e5aac5ba805825da76410c181273ba90b1'
    '.github/workflows/security-policy.yml':
        - 'actions/checkout@3d3c42e5aac5ba805825da76410c181273ba90b1'
    '.github/workflows/sonarqube.yml':
        - 'actions/checkout@3d3c42e5aac5ba805825da76410c181273ba90b1'
        - 'sonarsource/sonarqube-scan-action@ba9859eae8dd6bd29e412f25ddbbef3d032000f4'
    '.github/workflows/static-analysis-gate.yml':
        - 'actions/checkout@3d3c42e5aac5ba805825da76410c181273ba90b1'
        - 'actions/download-artifact@3e5f45b2cfb9172054b4087a40e8e0b5a5461e7c'
        - 'actions/upload-artifact@043fb46d1a93c77aae656e7c1c64a875d1fc6a0a'
        - 'erlef/setup-beam@54075bcc5e249e4758d363f27d099f55d843f124'
    '.github/workflows/ts-blocker.yml':
        - 'actions/checkout@3d3c42e5aac5ba805825da76410c181273ba90b1'
    '.github/workflows/wellknown-enforcement.yml':
        - 'actions/checkout@3d3c42e5aac5ba805825da76410c181273ba90b1'
    '.github/workflows/workflow-linter.yml':
        - 'actions/checkout@3d3c42e5aac5ba805825da76410c181273ba90b1'
dependencies:
    'actions/attest-build-provenance@4d101475d8b20a2381f78447822ac1eab6504dd8':
        ref: 'v4.2.2'
        commit: 'sha1-4d101475d8b20a2381f78447822ac1eab6504dd8'
        owner_id: 44036562
        repo_id: 760702757
        uses:
            - 'actions/attest@508db95dd578ae2727ebd6217d5ba78e4fbda05d'
    'actions/attest@508db95dd578ae2727ebd6217d5ba78e4fbda05d':
        ref: 'v4.2.1'
        commit: 'sha1-508db95dd578ae2727ebd6217d5ba78e4fbda05d'
        owner_id: 44036562
        repo_id: 760701061
    'actions/cache@55cc8345863c7cc4c66a329aec7e433d2d1c52a9':
        ref: 'v6.1.0'
        commit: 'sha1-55cc8345863c7cc4c66a329aec7e433d2d1c52a9'
        owner_id: 44036562
        repo_id: 215566462
    'actions/checkout@3d3c42e5aac5ba805825da76410c181273ba90b1':
        ref: 'v7.0.1'
        commit: 'sha1-3d3c42e5aac5ba805825da76410c181273ba90b1'
        owner_id: 44036562
        repo_id: 197814629
    'actions/configure-pages@45bfe0192ca1faeb007ade9deae92b16b8254a0d':
        ref: 'v6.0.0'
        commit: 'sha1-45bfe0192ca1faeb007ade9deae92b16b8254a0d'
        owner_id: 44036562
        repo_id: 513659658
    'actions/deploy-pages@368f82528645a54fb793d4d04e342629a3f51346':
        ref: 'v5.0.1'
        commit: 'sha1-368f82528645a54fb793d4d04e342629a3f51346'
        owner_id: 44036562
        repo_id: 438112499
    'actions/download-artifact@3e5f45b2cfb9172054b4087a40e8e0b5a5461e7c':
        ref: 'v8.0.1'
        commit: 'sha1-3e5f45b2cfb9172054b4087a40e8e0b5a5461e7c'
        owner_id: 44036562
        repo_id: 192626254
    'actions/upload-artifact@043fb46d1a93c77aae656e7c1c64a875d1fc6a0a':
        ref: 'v7.0.1'
        commit: 'sha1-043fb46d1a93c77aae656e7c1c64a875d1fc6a0a'
        owner_id: 44036562
        repo_id: 192625955
    'actions/upload-artifact@bbbca2ddaa5d8feaa63e36b76fdaad77386f024f':
        ref: 'v7.0.0'
        commit: 'sha1-bbbca2ddaa5d8feaa63e36b76fdaad77386f024f'
        owner_id: 44036562
        repo_id: 192625955
    'actions/upload-pages-artifact@fc324d3547104276b827a68afc52ff2a11cc49c9':
        ref: 'v5.0.0'
        commit: 'sha1-fc324d3547104276b827a68afc52ff2a11cc49c9'
        owner_id: 44036562
        repo_id: 496012378
        uses:
            - 'actions/upload-artifact@bbbca2ddaa5d8feaa63e36b76fdaad77386f024f'
    'dependabot/fetch-metadata@25dd0e34f4fe68f24cc83900b1fe3fe149efef98':
        ref: 'v3.1.0'
        commit: 'sha1-25dd0e34f4fe68f24cc83900b1fe3fe149efef98'
        owner_id: 27347476
        repo_id: 371068214
    'editorconfig-checker/action-editorconfig-checker@51f63319f592f97930c73d9c46184d20bd206393':
        ref: 'v3.0.0'
        commit: 'sha1-51f63319f592f97930c73d9c46184d20bd206393'
        owner_id: 26415196
        repo_id: 297874902
    'erlef/setup-beam@54075bcc5e249e4758d363f27d099f55d843f124':
        ref: 'v1.24.1'
        commit: 'sha1-54075bcc5e249e4758d363f27d099f55d843f124'
        owner_id: 47606891
        repo_id: 331103973
    'goto-bus-stop/setup-zig@abea47f85e598557f500fa1fd2ab7464fcb39406':
        ref: 'v2.2.1'
        commit: 'sha1-abea47f85e598557f500fa1fd2ab7464fcb39406'
        owner_id: 1006268
        repo_id: 212984112
    'haskell-actions/setup@0f8e8c99d88aeb3fbfd523f1ef2c6f762d10d64d':
        ref: 'v2.12.1'
        commit: 'sha1-0f8e8c99d88aeb3fbfd523f1ef2c6f762d10d64d'
        owner_id: 75048950
        repo_id: 623796603
    'hyperpolymath/k9-ecosystem@89f3c2702f4f650a92aa7411502f38da06abd562':
        ref: 'main'
        commit: 'sha1-89f3c2702f4f650a92aa7411502f38da06abd562'
        owner_id: 6759885
        repo_id: 1275650185
    'softprops/action-gh-release@efb35369e0ad2afab669f228072c1b0d510eae64':
        ref: 'v3.0.3'
        commit: 'sha1-efb35369e0ad2afab669f228072c1b0d510eae64'
        owner_id: 2242
        repo_id: 204253808
    'sonarsource/sonarqube-scan-action@ba9859eae8dd6bd29e412f25ddbbef3d032000f4':
        ref: 'v8.2.2'
        commit: 'sha1-ba9859eae8dd6bd29e412f25ddbbef3d032000f4'
        owner_id: 545988
        repo_id: 366408409
